
Microsoft Visual Studio Solution File, Format Version 12.00
# Visual Studio Version 17
VisualStudioVersion = 17.14.36109.1
MinimumVisualStudioVersion = 10.0.40219.1
Project("{FAE04EC0-301F-11D3-BF4B-00C04F79EFBC}") = "BatchMake.CUI", "BatchMake.CUI\BatchMake.CUI.csproj", "{00F2C7C2-E704-671F-46E7-2ABF467350F3}"
EndProject
Project("{FAE04EC0-301F-11D3-BF4B-00C04F79EFBC}") = "Experiment", "Experiment\Experiment.csproj", "{D4269D27-6496-49C9-82B8-A319F18CE56B}"
EndProject
Global
	GlobalSection(SolutionConfigurationPlatforms) = preSolution
		Debug|Any CPU = Debug|Any CPU
		Release|Any CPU = Release|Any CPU
	EndGlobalSection
	GlobalSection(ProjectConfigurationPlatforms) = postSolution
		{00F2C7C2-E704-671F-46E7-2ABF467350F3}.Debug|Any CPU.ActiveCfg = Debug|Any CPU
		{00F2C7C2-E704-671F-46E7-2ABF467350F3}.Debug|Any CPU.Build.0 = Debug|Any CPU
		{00F2C7C2-E704-671F-46E7-2ABF467350F3}.Release|Any CPU.ActiveCfg = Release|Any CPU
		{00F2C7C2-E704-671F-46E7-2ABF467350F3}.Release|Any CPU.Build.0 = Release|Any CPU
		{D4269D27-6496-49C9-82B8-A319F18CE56B}.Debug|Any CPU.ActiveCfg = Debug|Any CPU
		{D4269D27-6496-49C9-82B8-A319F18CE56B}.Debug|Any CPU.Build.0 = Debug|Any CPU
		{D4269D27-6496-49C9-82B8-A319F18CE56B}.Release|Any CPU.ActiveCfg = Release|Any CPU
		{D4269D27-6496-49C9-82B8-A319F18CE56B}.Release|Any CPU.Build.0 = Release|Any CPU
	EndGlobalSection
	GlobalSection(SolutionProperties) = preSolution
		HideSolutionNode = FALSE
	EndGlobalSection
	GlobalSection(ExtensibilityGlobals) = postSolution
		SolutionGuid = {214CA82D-7D6F-4443-B462-15A35DCF2B40}
	EndGlobalSection
EndGlobal
